
Microsoft Visual Studio Solution File, Format Version 12.00
# Visual Studio Version 17
VisualStudioVersion = 17.14.36301.6 d17.14
MinimumVisualStudioVersion = 10.0.40219.1
Project("{FAE04EC0-301F-11D3-BF4B-00C04F79EFBC}") = "CSharpLearn", "CSharpLearn\CSharpLearn.csproj", "{A89A677E-88D8-4AB2-90F6-EB4386842FCE}"
EndProject
Global
	GlobalSection(SolutionConfigurationPlatforms) = preSolution
		Debug|Any CPU = Debug|Any CPU
		Release|Any CPU = Release|Any CPU
	EndGlobalSection
	GlobalSection(ProjectConfigurationPlatforms) = postSolution
		{A89A677E-88D8-4AB2-90F6-EB4386842FCE}.Debug|Any CPU.ActiveCfg = Debug|Any CPU
		{A89A677E-88D8-4AB2-90F6-EB4386842FCE}.Debug|Any CPU.Build.0 = Debug|Any CPU
		{A89A677E-88D8-4AB2-90F6-EB4386842FCE}.Release|Any CPU.ActiveCfg = Release|Any CPU
		{A89A677E-88D8-4AB2-90F6-EB4386842FCE}.Release|Any CPU.Build.0 = Release|Any CPU
	EndGlobalSection
	GlobalSection(SolutionProperties) = preSolution
		HideSolutionNode = FALSE
	EndGlobalSection
	GlobalSection(ExtensibilityGlobals) = postSolution
		SolutionGuid = {244D32C9-6BDD-4C35-92B8-EC7CFC8D3BA0}
	EndGlobalSection
EndGlobal
